
Microsoft Visual Studio Solution File, Format Version 12.00
# Visual Studio 15
VisualStudioVersion = 15.0.28307.489
MinimumVisualStudioVersion = 10.0.40219.1
Project("{2150E333-8FDC-42A3-9474-1A3956D46DE8}") = "Index", "Index", "{0BAF8DA3-3F14-4597-B7AF-07A560A20C38}"
	ProjectSection(SolutionItems) = preProject
		_config.yml = _config.yml
		index.md = index.md
	EndProjectSection
EndProject
Project("{2150E333-8FDC-42A3-9474-1A3956D46DE8}") = "LanguageReference", "LanguageReference", "{EFAA762B-AA7C-4EB0-AA5B-6B7365524D57}"
	ProjectSection(SolutionItems) = preProject
		_language-reference\block.md = _language-reference\block.md
		_language-reference\index.md = _language-reference\index.md
		_language-reference\library.md = _language-reference\library.md
		_language-reference\package.md = _language-reference\package.md
		_language-reference\program.md = _language-reference\program.md
		_language-reference\programhead.md = _language-reference\programhead.md
		_language-reference\rules.md = _language-reference\rules.md
		_language-reference\unit.md = _language-reference\unit.md
		_language-reference\usesfileclause.md = _language-reference\usesfileclause.md
	EndProjectSection
EndProject
Global
	GlobalSection(SolutionProperties) = preSolution
		HideSolutionNode = FALSE
	EndGlobalSection
	GlobalSection(ExtensibilityGlobals) = postSolution
		SolutionGuid = {054814EA-8313-4238-9B81-77DEEF82D5CE}
	EndGlobalSection
EndGlobal
